
Microsoft Visual Studio Solution File, Format Version 12.00
# Visual Studio Version 17
VisualStudioVersion = 17.14.36603.0
MinimumVisualStudioVersion = 10.0.40219.1
Project("{FAE04EC0-301F-11D3-BF4B-00C04F79EFBC}") = "WindBlogTheme.Theme", "WindBlogTheme.Theme\WindBlogTheme.Theme.csproj", "{2E14D22C-B98A-286D-5DC6-A15AF6745DE8}"
EndProject
Project("{FAE04EC0-301F-11D3-BF4B-00C04F79EFBC}") = "WindBlogTheme.Common", "WindBlogTheme.Common\WindBlogTheme.Common.csproj", "{35586192-D2F3-A41E-B561-164E0AAD57E1}"
EndProject
Global
	GlobalSection(SolutionConfigurationPlatforms) = preSolution
		Debug|Any CPU = Debug|Any CPU
		Release|Any CPU = Release|Any CPU
	EndGlobalSection
	GlobalSection(ProjectConfigurationPlatforms) = postSolution
		{2E14D22C-B98A-286D-5DC6-A15AF6745DE8}.Debug|Any CPU.ActiveCfg = Debug|Any CPU
		{2E14D22C-B98A-286D-5DC6-A15AF6745DE8}.Debug|Any CPU.Build.0 = Debug|Any CPU
		{2E14D22C-B98A-286D-5DC6-A15AF6745DE8}.Release|Any CPU.ActiveCfg = Release|Any CPU
		{2E14D22C-B98A-286D-5DC6-A15AF6745DE8}.Release|Any CPU.Build.0 = Release|Any CPU
		{35586192-D2F3-A41E-B561-164E0AAD57E1}.Debug|Any CPU.ActiveCfg = Debug|Any CPU
		{35586192-D2F3-A41E-B561-164E0AAD57E1}.Debug|Any CPU.Build.0 = Debug|Any CPU
		{35586192-D2F3-A41E-B561-164E0AAD57E1}.Release|Any CPU.ActiveCfg = Release|Any CPU
		{35586192-D2F3-A41E-B561-164E0AAD57E1}.Release|Any CPU.Build.0 = Release|Any CPU
	EndGlobalSection
	GlobalSection(SolutionProperties) = preSolution
		HideSolutionNode = FALSE
	EndGlobalSection
	GlobalSection(ExtensibilityGlobals) = postSolution
		SolutionGuid = {F974AD88-A61D-41FD-A414-D083D4A97DBF}
	EndGlobalSection
EndGlobal
